
Microsoft Visual Studio Solution File, Format Version 12.00
# Visual Studio Express 2013 for Windows Desktop
VisualStudioVersion = 12.0.31101.0
MinimumVisualStudioVersion = 10.0.40219.1
Project("{8BC9CEB8-8B4A-11D0-8D11-00A0C91BC942}") = "sort", "sort\sort.vcxproj", "{AB9221E6-AB73-451C-87EA-8B26DB43D236}"
EndProject
Global
	GlobalSection(SolutionConfigurationPlatforms) = preSolution
		Debug|Win32 = Debug|Win32
		Release|Win32 = Release|Win32
	EndGlobalSection
	GlobalSection(ProjectConfigurationPlatforms) = postSolution
		{AB9221E6-AB73-451C-87EA-8B26DB43D236}.Debug|Win32.ActiveCfg = Debug|Win32
		{AB9221E6-AB73-451C-87EA-8B26DB43D236}.Debug|Win32.Build.0 = Debug|Win32
		{AB9221E6-AB73-451C-87EA-8B26DB43D236}.Release|Win32.ActiveCfg = Release|Win32
		{AB9221E6-AB73-451C-87EA-8B26DB43D236}.Release|Win32.Build.0 = Release|Win32
	EndGlobalSection
	GlobalSection(SolutionProperties) = preSolution
		HideSolutionNode = FALSE
	EndGlobalSection
EndGlobal
